<Solution>
  <Folder Name="/Solution Items/">
    <File Path="CLAUDE.md" />
    <File Path="README.md" />
  </Folder>
  <Folder Name="/Solution Items/docs/">
    <File Path="docs\observability.md" />
    <File Path="docs\architecture.md" />
    <File Path="docs\index.md" />
    <File Path="docs\internals.md" />
  </Folder>
  <Folder Name="/Solution Items/docs/features/">
    <File Path="docs\features\incremental-reviews.md" />
  </Folder>
  <Folder Name="/tests/">
    <Project Path="tests/Revu.Tests.Eval/Revu.Tests.Eval.csproj" />
    <Project Path="tests/Revu.Tests.Integration/Revu.Tests.Integration.csproj" />
    <Project Path="tests/Revu.Tests.Unit/Revu.Tests.Unit.csproj" />
  </Folder>
  <Project Path="Revu/Revu.csproj" />
</Solution>
